// !$*UTF8*$!
{
	archiveVersion = 1;
	classes = {
	};
	objectVersion = 50;
	objects = {

/* Begin PBXBuildFile section */
		480069CE26E0977F00A90C24 /* Student+.swift in Sources */ = {isa = PBXBuildFile; fileRef = 480069CD26E0977F00A90C24 /* Student+.swift */; };
		485E542F26E0A0230077A8B4 /* StudentInfo.swift in Sources */ = {isa = PBXBuildFile; fileRef = 485E542E26E0A0230077A8B4 /* StudentInfo.swift */; };
		48FC1E7826E0938F009D0F08 /* StudentBookApp.swift in Sources */ = {isa = PBXBuildFile; fileRef = 48FC1E7726E0938F009D0F08 /* StudentBookApp.swift */; };
		48FC1E7A26E0938F009D0F08 /* ContentView.swift in Sources */ = {isa = PBXBuildFile; fileRef = 48FC1E7926E0938F009D0F08 /* ContentView.swift */; };
		48FC1E7C26E09391009D0F08 /* Assets.xcassets in Resources */ = {isa = PBXBuildFile; fileRef = 48FC1E7B26E09391009D0F08 /* Assets.xcassets */; };
		48FC1E7F26E09391009D0F08 /* Preview Assets.xcassets in Resources */ = {isa = PBXBuildFile; fileRef = 48FC1E7E26E09391009D0F08 /* Preview Assets.xcassets */; };
		48FC1E8126E09391009D0F08 /* Persistence.swift in Sources */ = {isa = PBXBuildFile; fileRef = 48FC1E8026E09391009D0F08 /* Persistence.swift */; };
		48FC1E8426E09391009D0F08 /* StudentBook.xcdatamodeld in Sources */ = {isa = PBXBuildFile; fileRef = 48FC1E8226E09391009D0F08 /* StudentBook.xcdatamodeld */; };
/* End PBXBuildFile section */

/* Begin PBXFileReference section */
		480069CD26E0977F00A90C24 /* Student+.swift */ = {isa = PBXFileReference; lastKnownFileType = sourcecode.swift; path = "Student+.swift"; sourceTree = "<group>"; };
		485E542E26E0A0230077A8B4 /* StudentInfo.swift */ = {isa = PBXFileReference; lastKnownFileType = sourcecode.swift; path = StudentInfo.swift; sourceTree = "<group>"; };
		48FC1E7426E0938F009D0F08 /* StudentBook.app */ = {isa = PBXFileReference; explicitFileType = wrapper.application; includeInIndex = 0; path = StudentBook.app; sourceTree = BUILT_PRODUCTS_DIR; };
		48FC1E7726E0938F009D0F08 /* StudentBookApp.swift */ = {isa = PBXFileReference; lastKnownFileType = sourcecode.swift; path = StudentBookApp.swift; sourceTree = "<group>"; };
		48FC1E7926E0938F009D0F08 /* ContentView.swift */ = {isa = PBXFileReference; lastKnownFileType = sourcecode.swift; path = ContentView.swift; sourceTree = "<group>"; };
		48FC1E7B26E09391009D0F08 /* Assets.xcassets */ = {isa = PBXFileReference; lastKnownFileType = folder.assetcatalog; path = Assets.xcassets; sourceTree = "<group>"; };
		48FC1E7E26E09391009D0F08 /* Preview Assets.xcassets */ = {isa = PBXFileReference; lastKnownFileType = folder.assetcatalog; path = "Preview Assets.xcassets"; sourceTree = "<group>"; };
		48FC1E8026E09391009D0F08 /* Persistence.swift */ = {isa = PBXFileReference; lastKnownFileType = sourcecode.swift; path = Persistence.swift; sourceTree = "<group>"; };
		48FC1E8326E09391009D0F08 /* StudentBook.xcdatamodel */ = {isa = PBXFileReference; lastKnownFileType = wrapper.xcdatamodel; path = StudentBook.xcdatamodel; sourceTree = "<group>"; };
		48FC1E8526E09391009D0F08 /* Info.plist */ = {isa = PBXFileReference; lastKnownFileType = text.plist.xml; path = Info.plist; sourceTree = "<group>"; };
/* End PBXFileReference section */

/* Begin PBXFrameworksBuildPhase section */
		48FC1E7126E0938F009D0F08 /* Frameworks */ = {
			isa = PBXFrameworksBuildPhase;
			buildActionMask = 2147483647;
			files = (
			);
			runOnlyForDeploymentPostprocessing = 0;
		};
/* End PBXFrameworksBuildPhase section */

/* Begin PBXGroup section */
		48FC1E6B26E0938F009D0F08 = {
			isa = PBXGroup;
			children = (
				48FC1E7626E0938F009D0F08 /* StudentBook */,
				48FC1E7526E0938F009D0F08 /* Products */,
			);
			sourceTree = "<group>";
		};
		48FC1E7526E0938F009D0F08 /* Products */ = {
			isa = PBXGroup;
			children = (
				48FC1E7426E0938F009D0F08 /* StudentBook.app */,
			);
			name = Products;
			sourceTree = "<group>";
		};
		48FC1E7626E0938F009D0F08 /* StudentBook */ = {
			isa = PBXGroup;
			children = (
				48FC1E7726E0938F009D0F08 /* StudentBookApp.swift */,
				48FC1E7926E0938F009D0F08 /* ContentView.swift */,
				480069CD26E0977F00A90C24 /* Student+.swift */,
				485E542E26E0A0230077A8B4 /* StudentInfo.swift */,
				48FC1E8026E09391009D0F08 /* Persistence.swift */,
				48FC1E8226E09391009D0F08 /* StudentBook.xcdatamodeld */,
				48FC1E7B26E09391009D0F08 /* Assets.xcassets */,
				48FC1E8526E09391009D0F08 /* Info.plist */,
				48FC1E7D26E09391009D0F08 /* Preview Content */,
			);
			path = StudentBook;
			sourceTree = "<group>";
		};
		48FC1E7D26E09391009D0F08 /* Preview Content */ = {
			isa = PBXGroup;
			children = (
				48FC1E7E26E09391009D0F08 /* Preview Assets.xcassets */,
			);
			path = "Preview Content";
			sourceTree = "<group>";
		};
/* End PBXGroup section */

/* Begin PBXNativeTarget section */
		48FC1E7326E0938F009D0F08 /* StudentBook */ = {
			isa = PBXNativeTarget;
			buildConfigurationList = 48FC1E8826E09391009D0F08 /* Build configuration list for PBXNativeTarget "StudentBook" */;
			buildPhases = (
				48FC1E7026E0938F009D0F08 /* Sources */,
				48FC1E7126E0938F009D0F08 /* Frameworks */,
				48FC1E7226E0938F009D0F08 /* Resources */,
			);
			buildRules = (
			);
			dependencies = (
			);
			name = StudentBook;
			productName = StudentBook;
			productReference = 48FC1E7426E0938F009D0F08 /* StudentBook.app */;
			productType = "com.apple.product-type.application";
		};
/* End PBXNativeTarget section */

/* Begin PBXProject section */
		48FC1E6C26E0938F009D0F08 /* Project object */ = {
			isa = PBXProject;
			attributes = {
				LastSwiftUpdateCheck = 1250;
				LastUpgradeCheck = 1250;
				TargetAttributes = {
					48FC1E7326E0938F009D0F08 = {
						CreatedOnToolsVersion = 12.5.1;
					};
				};
			};
			buildConfigurationList = 48FC1E6F26E0938F009D0F08 /* Build configuration list for PBXProject "StudentBook" */;
			compatibilityVersion = "Xcode 9.3";
			developmentRegion = en;
			hasScannedForEncodings = 0;
			knownRegions = (
				en,
				Base,
			);
			mainGroup = 48FC1E6B26E0938F009D0F08;
			productRefGroup = 48FC1E7526E0938F009D0F08 /* Products */;
			projectDirPath = "";
			projectRoot = "";
			targets = (
				48FC1E7326E0938F009D0F08 /* StudentBook */,
			);
		};
/* End PBXProject section */

/* Begin PBXResourcesBuildPhase section */
		48FC1E7226E0938F009D0F08 /* Resources */ = {
			isa = PBXResourcesBuildPhase;
			buildActionMask = 2147483647;
			files = (
				48FC1E7F26E09391009D0F08 /* Preview Assets.xcassets in Resources */,
				48FC1E7C26E09391009D0F08 /* Assets.xcassets in Resources */,
			);
			runOnlyForDeploymentPostprocessing = 0;
		};
/* End PBXResourcesBuildPhase section */

/* Begin PBXSourcesBuildPhase section */
		48FC1E7026E0938F009D0F08 /* Sources */ = {
			isa = PBXSourcesBuildPhase;
			buildActionMask = 2147483647;
			files = (
				48FC1E8126E09391009D0F08 /* Persistence.swift in Sources */,
				48FC1E7A26E0938F009D0F08 /* ContentView.swift in Sources */,
				48FC1E8426E09391009D0F08 /* StudentBook.xcdatamodeld in Sources */,
				485E542F26E0A0230077A8B4 /* StudentInfo.swift in Sources */,
				480069CE26E0977F00A90C24 /* Student+.swift in Sources */,
				48FC1E7826E0938F009D0F08 /* StudentBookApp.swift in Sources */,
			);
			runOnlyForDeploymentPostprocessing = 0;
		};
/* End PBXSourcesBuildPhase section */

/* Begin XCBuildConfiguration section */
		48FC1E8626E09391009D0F08 /* Debug */ = {
			isa = XCBuildConfiguration;
			buildSettings = {
				ALWAYS_SEARCH_USER_PATHS = NO;
				CLANG_ANALYZER_NONNULL = YES;
				CLANG_ANALYZER_NUMBER_OBJECT_CONVERSION = YES_AGGRESSIVE;
				CLANG_CXX_LANGUAGE_STANDARD = "gnu++14";
				CLANG_CXX_LIBRARY = "libc++";
				CLANG_ENABLE_MODULES = YES;
				CLANG_ENABLE_OBJC_ARC = YES;
				CLANG_ENABLE_OBJC_WEAK = YES;
				CLANG_WARN_BLOCK_CAPTURE_AUTORELEASING = YES;
				CLANG_WARN_BOOL_CONVERSION = YES;
				CLANG_WARN_COMMA = YES;
				CLANG_WARN_CONSTANT_CONVERSION = YES;
				CLANG_WARN_DEPRECATED_OBJC_IMPLEMENTATIONS = YES;
				CLANG_WARN_DIRECT_OBJC_ISA_USAGE = YES_ERROR;
				CLANG_WARN_DOCUMENTATION_COMMENTS = YES;
				CLANG_WARN_EMPTY_BODY = YES;
				CLANG_WARN_ENUM_CONVERSION = YES;
				CLANG_WARN_INFINITE_RECURSION = YES;
				CLANG_WARN_INT_CONVERSION = YES;
				CLANG_WARN_NON_LITERAL_NULL_CONVERSION = YES;
				CLANG_WARN_OBJC_IMPLICIT_RETAIN_SELF = YES;
				CLANG_WARN_OBJC_LITERAL_CONVERSION = YES;
				CLANG_WARN_OBJC_ROOT_CLASS = YES_ERROR;
				CLANG_WARN_QUOTED_INCLUDE_IN_FRAMEWORK_HEADER = YES;
				CLANG_WARN_RANGE_LOOP_ANALYSIS = YES;
				CLANG_WARN_STRICT_PROTOTYPES = YES;
				CLANG_WARN_SUSPICIOUS_MOVE = YES;
				CLANG_WARN_UNGUARDED_AVAILABILITY = YES_AGGRESSIVE;
				CLANG_WARN_UNREACHABLE_CODE = YES;
				CLANG_WARN__DUPLICATE_METHOD_MATCH = YES;
				COPY_PHASE_STRIP = NO;
				DEBUG_INFORMATION_FORMAT = dwarf;
				ENABLE_STRICT_OBJC_MSGSEND = YES;
				ENABLE_TESTABILITY = YES;
				GCC_C_LANGUAGE_STANDARD = gnu11;
				GCC_DYNAMIC_NO_PIC = NO;
				GCC_NO_COMMON_BLOCKS = YES;
				GCC_OPTIMIZATION_LEVEL = 0;
				GCC_PREPROCESSOR_DEFINITIONS = (
					"DEBUG=1",
					"$(inherited)",
				);
				GCC_WARN_64_TO_32_BIT_CONVERSION = YES;
				GCC_WARN_ABOUT_RETURN_TYPE = YES_ERROR;
				GCC_WARN_UNDECLARED_SELECTOR = YES;
				GCC_WARN_UNINITIALIZED_AUTOS = YES_AGGRESSIVE;
				GCC_WARN_UNUSED_FUNCTION = YES;
				GCC_WARN_UNUSED_VARIABLE = YES;
				IPHONEOS_DEPLOYMENT_TARGET = 14.5;
				MTL_ENABLE_DEBUG_INFO = INCLUDE_SOURCE;
				MTL_FAST_MATH = YES;
				ONLY_ACTIVE_ARCH = YES;
				SDKROOT = iphoneos;
				SWIFT_ACTIVE_COMPILATION_CONDITIONS = DEBUG;
				SWIFT_OPTIMIZATION_LEVEL = "-Onone";
			};
			name = Debug;
		};
		48FC1E8726E09391009D0F08 /* Release */ = {
			isa = XCBuildConfiguration;
			buildSettings = {
				ALWAYS_SEARCH_USER_PATHS = NO;
				CLANG_ANALYZER_NONNULL = YES;
				CLANG_ANALYZER_NUMBER_OBJECT_CONVERSION = YES_AGGRESSIVE;
				CLANG_CXX_LANGUAGE_STANDARD = "gnu++14";
				CLANG_CXX_LIBRARY = "libc++";
				CLANG_ENABLE_MODULES = YES;
				CLANG_ENABLE_OBJC_ARC = YES;
				CLANG_ENABLE_OBJC_WEAK = YES;
				CLANG_WARN_BLOCK_CAPTURE_AUTORELEASING = YES;
				CLANG_WARN_BOOL_CONVERSION = YES;
				CLANG_WARN_COMMA = YES;
				CLANG_WARN_CONSTANT_CONVERSION = YES;
				CLANG_WARN_DEPRECATED_OBJC_IMPLEMENTATIONS = YES;
				CLANG_WARN_DIRECT_OBJC_ISA_USAGE = YES_ERROR;
				CLANG_WARN_DOCUMENTATION_COMMENTS = YES;
				CLANG_WARN_EMPTY_BODY = YES;
				CLANG_WARN_ENUM_CONVERSION = YES;
				CLANG_WARN_INFINITE_RECURSION = YES;
				CLANG_WARN_INT_CONVERSION = YES;
				CLANG_WARN_NON_LITERAL_NULL_CONVERSION = YES;
				CLANG_WARN_OBJC_IMPLICIT_RETAIN_SELF = YES;
				CLANG_WARN_OBJC_LITERAL_CONVERSION = YES;
				CLANG_WARN_OBJC_ROOT_CLASS = YES_ERROR;
				CLANG_WARN_QUOTED_INCLUDE_IN_FRAMEWORK_HEADER = YES;
				CLANG_WARN_RANGE_LOOP_ANALYSIS = YES;
				CLANG_WARN_STRICT_PROTOTYPES = YES;
				CLANG_WARN_SUSPICIOUS_MOVE = YES;
				CLANG_WARN_UNGUARDED_AVAILABILITY = YES_AGGRESSIVE;
				CLANG_WARN_UNREACHABLE_CODE = YES;
				CLANG_WARN__DUPLICATE_METHOD_MATCH = YES;
				COPY_PHASE_STRIP = NO;
				DEBUG_INFORMATION_FORMAT = "dwarf-with-dsym";
				ENABLE_NS_ASSERTIONS = NO;
				ENABLE_STRICT_OBJC_MSGSEND = YES;
				GCC_C_LANGUAGE_STANDARD = gnu11;
				GCC_NO_COMMON_BLOCKS = YES;
				GCC_WARN_64_TO_32_BIT_CONVERSION = YES;
				GCC_WARN_ABOUT_RETURN_TYPE = YES_ERROR;
				GCC_WARN_UNDECLARED_SELECTOR = YES;
				GCC_WARN_UNINITIALIZED_AUTOS = YES_AGGRESSIVE;
				GCC_WARN_UNUSED_FUNCTION = YES;
				GCC_WARN_UNUSED_VARIABLE = YES;
				IPHONEOS_DEPLOYMENT_TARGET = 14.5;
				MTL_ENABLE_DEBUG_INFO = NO;
				MTL_FAST_MATH = YES;
				SDKROOT = iphoneos;
				SWIFT_COMPILATION_MODE = wholemodule;
				SWIFT_OPTIMIZATION_LEVEL = "-O";
				VALIDATE_PRODUCT = YES;
			};
			name = Release;
		};
		48FC1E8926E09391009D0F08 /* Debug */ = {
			isa = XCBuildConfiguration;
			buildSettings = {
				ASSETCATALOG_COMPILER_APPICON_NAME = AppIcon;
				ASSETCATALOG_COMPILER_GLOBAL_ACCENT_COLOR_NAME = AccentColor;
				CODE_SIGN_STYLE = Automatic;
				DEVELOPMENT_ASSET_PATHS = "\"StudentBook/Preview Content\"";
				DEVELOPMENT_TEAM = C4W6UUH267;
				ENABLE_PREVIEWS = YES;
				INFOPLIST_FILE = StudentBook/Info.plist;
				IPHONEOS_DEPLOYMENT_TARGET = 14.0;
				LD_RUNPATH_SEARCH_PATHS = (
					"$(inherited)",
					"@executable_path/Frameworks",
				);
				PRODUCT_BUNDLE_IDENTIFIER = com.yangxijie.StudentBook;
				PRODUCT_NAME = "$(TARGET_NAME)";
				SWIFT_VERSION = 5.0;
				TARGETED_DEVICE_FAMILY = "1,2";
			};
			name = Debug;
		};
		48FC1E8A26E09391009D0F08 /* Release */ = {
			isa = XCBuildConfiguration;
			buildSettings = {
				ASSETCATALOG_COMPILER_APPICON_NAME = AppIcon;
				ASSETCATALOG_COMPILER_GLOBAL_ACCENT_COLOR_NAME = AccentColor;
				CODE_SIGN_STYLE = Automatic;
				DEVELOPMENT_ASSET_PATHS = "\"StudentBook/Preview Content\"";
				DEVELOPMENT_TEAM = C4W6UUH267;
				ENABLE_PREVIEWS = YES;
				INFOPLIST_FILE = StudentBook/Info.plist;
				IPHONEOS_DEPLOYMENT_TARGET = 14.0;
				LD_RUNPATH_SEARCH_PATHS = (
					"$(inherited)",
					"@executable_path/Frameworks",
				);
				PRODUCT_BUNDLE_IDENTIFIER = com.yangxijie.StudentBook;
				PRODUCT_NAME = "$(TARGET_NAME)";
				SWIFT_VERSION = 5.0;
				TARGETED_DEVICE_FAMILY = "1,2";
			};
			name = Release;
		};
/* End XCBuildConfiguration section */

/* Begin XCConfigurationList section */
		48FC1E6F26E0938F009D0F08 /* Build configuration list for PBXProject "StudentBook" */ = {
			isa = XCConfigurationList;
			buildConfigurations = (
				48FC1E8626E09391009D0F08 /* Debug */,
				48FC1E8726E09391009D0F08 /* Release */,
			);
			defaultConfigurationIsVisible = 0;
			defaultConfigurationName = Release;
		};
		48FC1E8826E09391009D0F08 /* Build configuration list for PBXNativeTarget "StudentBook" */ = {
			isa = XCConfigurationList;
			buildConfigurations = (
				48FC1E8926E09391009D0F08 /* Debug */,
				48FC1E8A26E09391009D0F08 /* Release */,
			);
			defaultConfigurationIsVisible = 0;
			defaultConfigurationName = Release;
		};
/* End XCConfigurationList section */

/* Begin XCVersionGroup section */
		48FC1E8226E09391009D0F08 /* StudentBook.xcdatamodeld */ = {
			isa = XCVersionGroup;
			children = (
				48FC1E8326E09391009D0F08 /* StudentBook.xcdatamodel */,
			);
			currentVersion = 48FC1E8326E09391009D0F08 /* StudentBook.xcdatamodel */;
			path = StudentBook.xcdatamodeld;
			sourceTree = "<group>";
			versionGroupType = wrapper.xcdatamodel;
		};
/* End XCVersionGroup section */
	};
	rootObject = 48FC1E6C26E0938F009D0F08 /* Project object */;
}
